// !$*UTF8*$!
{
	archiveVersion = 1;
	classes = {
	};
	objectVersion = 46;
	objects = {

/* Begin PBXBuildFile section */
		440CCA961907818700C8CEF4 /* PartialTransparentView.m in Sources */ = {isa = PBXBuildFile; fileRef = 440CCA951907818700C8CEF4 /* PartialTransparentView.m */; };
		440CCA9B1907823D00C8CEF4 /* ComicStorePreviewAndDownloadViewController.m in Sources */ = {isa = PBXBuildFile; fileRef = 440CCA991907823D00C8CEF4 /* ComicStorePreviewAndDownloadViewController.m */; };
		440CCA9C1907823D00C8CEF4 /* ComicStorePreviewAndDownloadViewController.xib in Resources */ = {isa = PBXBuildFile; fileRef = 440CCA9A1907823D00C8CEF4 /* ComicStorePreviewAndDownloadViewController.xib */; };
		440CCA9F1907A19200C8CEF4 /* ComicReaderTabBarViewController.m in Sources */ = {isa = PBXBuildFile; fileRef = 440CCA9E1907A19200C8CEF4 /* ComicReaderTabBarViewController.m */; };
		440CCABC1907A49100C8CEF4 /* arrowleft.png in Resources */ = {isa = PBXBuildFile; fileRef = 440CCAA01907A49000C8CEF4 /* arrowleft.png */; };
		440CCABD1907A49100C8CEF4 /* arrowleft2x.png in Resources */ = {isa = PBXBuildFile; fileRef = 440CCAA11907A49000C8CEF4 /* arrowleft2x.png */; };
		440CCABE1907A49100C8CEF4 /* arrowright.png in Resources */ = {isa = PBXBuildFile; fileRef = 440CCAA21907A49000C8CEF4 /* arrowright.png */; };
		440CCABF1907A49100C8CEF4 /* arrowright@2x.png in Resources */ = {isa = PBXBuildFile; fileRef = 440CCAA31907A49000C8CEF4 /* arrowright@2x.png */; };
		440CCAC01907A49100C8CEF4 /* book.png in Resources */ = {isa = PBXBuildFile; fileRef = 440CCAA41907A49000C8CEF4 /* book.png */; };
		440CCAC11907A49100C8CEF4 /* book@2x.png in Resources */ = {isa = PBXBuildFile; fileRef = 440CCAA51907A49000C8CEF4 /* book@2x.png */; };
		440CCAC21907A49100C8CEF4 /* hold.png in Resources */ = {isa = PBXBuildFile; fileRef = 440CCAA61907A49000C8CEF4 /* hold.png */; };
		440CCAC31907A49100C8CEF4 /* hold@2x.png in Resources */ = {isa = PBXBuildFile; fileRef = 440CCAA71907A49100C8CEF4 /* hold@2x.png */; };
		440CCAC41907A49100C8CEF4 /* house.png in Resources */ = {isa = PBXBuildFile; fileRef = 440CCAA81907A49100C8CEF4 /* house.png */; };
		440CCAC51907A49100C8CEF4 /* house@2x.png in Resources */ = {isa = PBXBuildFile; fileRef = 440CCAA91907A49100C8CEF4 /* house@2x.png */; };
		440CCAC61907A49100C8CEF4 /* icon_arrow_left.png in Resources */ = {isa = PBXBuildFile; fileRef = 440CCAAA1907A49100C8CEF4 /* icon_arrow_left.png */; };
		440CCAC71907A49100C8CEF4 /* icon_arrow_right.png in Resources */ = {isa = PBXBuildFile; fileRef = 440CCAAB1907A49100C8CEF4 /* icon_arrow_right.png */; };
		440CCAC81907A49100C8CEF4 /* imageBackground.png in Resources */ = {isa = PBXBuildFile; fileRef = 440CCAAC1907A49100C8CEF4 /* imageBackground.png */; };
		440CCAC91907A49100C8CEF4 /* imageViewCell.png in Resources */ = {isa = PBXBuildFile; fileRef = 440CCAAD1907A49100C8CEF4 /* imageViewCell.png */; };
		440CCACA1907A49100C8CEF4 /* menu.png in Resources */ = {isa = PBXBuildFile; fileRef = 440CCAAE1907A49100C8CEF4 /* menu.png */; };
		440CCACB1907A49100C8CEF4 /* menu@2x.png in Resources */ = {isa = PBXBuildFile; fileRef = 440CCAAF1907A49100C8CEF4 /* menu@2x.png */; };
		440CCACC1907A49100C8CEF4 /* noCoverImage.png in Resources */ = {isa = PBXBuildFile; fileRef = 440CCAB01907A49100C8CEF4 /* noCoverImage.png */; };
		440CCACD1907A49100C8CEF4 /* noCoverImage@2x.png in Resources */ = {isa = PBXBuildFile; fileRef = 440CCAB11907A49100C8CEF4 /* noCoverImage@2x.png */; };
		440CCACE1907A49100C8CEF4 /* outline_damian.png in Resources */ = {isa = PBXBuildFile; fileRef = 440CCAB21907A49100C8CEF4 /* outline_damian.png */; };
		440CCACF1907A49100C8CEF4 /* page.png in Resources */ = {isa = PBXBuildFile; fileRef = 440CCAB31907A49100C8CEF4 /* page.png */; };
		440CCAD01907A49100C8CEF4 /* question-mark.png in Resources */ = {isa = PBXBuildFile; fileRef = 440CCAB41907A49100C8CEF4 /* question-mark.png */; };
		440CCAD11907A49100C8CEF4 /* question-mark@2x.png in Resources */ = {isa = PBXBuildFile; fileRef = 440CCAB51907A49100C8CEF4 /* question-mark@2x.png */; };
		440CCAD21907A49100C8CEF4 /* redcrossbutton.png in Resources */ = {isa = PBXBuildFile; fileRef = 440CCAB61907A49100C8CEF4 /* redcrossbutton.png */; };
		440CCAD31907A49100C8CEF4 /* redcrossbutton@2x.png in Resources */ = {isa = PBXBuildFile; fileRef = 440CCAB71907A49100C8CEF4 /* redcrossbutton@2x.png */; };
		440CCAD41907A49100C8CEF4 /* swipe.png in Resources */ = {isa = PBXBuildFile; fileRef = 440CCAB81907A49100C8CEF4 /* swipe.png */; };
		440CCAD51907A49100C8CEF4 /* swipe@2x.png in Resources */ = {isa = PBXBuildFile; fileRef = 440CCAB91907A49100C8CEF4 /* swipe@2x.png */; };
		440CCAD61907A49100C8CEF4 /* switch.png in Resources */ = {isa = PBXBuildFile; fileRef = 440CCABA1907A49100C8CEF4 /* switch.png */; };
		440CCAD71907A49100C8CEF4 /* switch@2x.png in Resources */ = {isa = PBXBuildFile; fileRef = 440CCABB1907A49100C8CEF4 /* switch@2x.png */; };
		4412FA021933227B00681438 /* download.png in Resources */ = {isa = PBXBuildFile; fileRef = 4412FA011933227B00681438 /* download.png */; };
		4412FA061933261400681438 /* open_book.png in Resources */ = {isa = PBXBuildFile; fileRef = 4412FA051933261400681438 /* open_book.png */; };
		44134B6919330BA600681176 /* Reachability.m in Sources */ = {isa = PBXBuildFile; fileRef = 44134B6819330BA600681176 /* Reachability.m */; settings = {COMPILER_FLAGS = "-fno-objc-arc"; }; };
		44134B8C19330E1300681176 /* libZipArchive-ios.a in Frameworks */ = {isa = PBXBuildFile; fileRef = 44134B8B19330E1300681176 /* libZipArchive-ios.a */; };
		441BA3EF1925DB00001B963D /* ATPagingView.m in Sources */ = {isa = PBXBuildFile; fileRef = 441BA3EE1925DB00001B963D /* ATPagingView.m */; settings = {COMPILER_FLAGS = "-fno-objc-arc"; }; };
		441BA3F81925DC32001B963D /* ComicViewATPagingViewController.m in Sources */ = {isa = PBXBuildFile; fileRef = 441BA3F71925DC32001B963D /* ComicViewATPagingViewController.m */; };
		44484C5C19137D71000FECB1 /* ComicDownloadIndicatorViewController.m in Sources */ = {isa = PBXBuildFile; fileRef = 44484C5A19137D71000FECB1 /* ComicDownloadIndicatorViewController.m */; };
		44484C5D19137D71000FECB1 /* ComicDownloadIndicatorViewController.xib in Resources */ = {isa = PBXBuildFile; fileRef = 44484C5B19137D71000FECB1 /* ComicDownloadIndicatorViewController.xib */; };
		44484C65191382FF000FECB1 /* FPPopoverController.m in Sources */ = {isa = PBXBuildFile; fileRef = 44484C60191382FF000FECB1 /* FPPopoverController.m */; };
		44484C66191382FF000FECB1 /* FPPopoverView.m in Sources */ = {isa = PBXBuildFile; fileRef = 44484C62191382FF000FECB1 /* FPPopoverView.m */; };
		44484C67191382FF000FECB1 /* FPTouchView.m in Sources */ = {isa = PBXBuildFile; fileRef = 44484C64191382FF000FECB1 /* FPTouchView.m */; };
		446A3190191A00A70019FE64 /* ComicViewingViewController.m in Sources */ = {isa = PBXBuildFile; fileRef = 446A318E191A00A70019FE64 /* ComicViewingViewController.m */; };
		446A3191191A00A70019FE64 /* ComicViewingViewController.xib in Resources */ = {isa = PBXBuildFile; fileRef = 446A318F191A00A70019FE64 /* ComicViewingViewController.xib */; };
		446A31A5191A188F0019FE64 /* libz.dylib in Frameworks */ = {isa = PBXBuildFile; fileRef = 446A31A4191A188F0019FE64 /* libz.dylib */; };
		446A31AB191B2E220019FE64 /* Unzipper.m in Sources */ = {isa = PBXBuildFile; fileRef = 446A31AA191B2E220019FE64 /* Unzipper.m */; };
		448CC70418F2342D00FF49A6 /* Foundation.framework in Frameworks */ = {isa = PBXBuildFile; fileRef = 448CC70318F2342D00FF49A6 /* Foundation.framework */; };
		448CC70618F2342D00FF49A6 /* CoreGraphics.framework in Frameworks */ = {isa = PBXBuildFile; fileRef = 448CC70518F2342D00FF49A6 /* CoreGraphics.framework */; };
		448CC70818F2342D00FF49A6 /* UIKit.framework in Frameworks */ = {isa = PBXBuildFile; fileRef = 448CC70718F2342D00FF49A6 /* UIKit.framework */; };
		448CC70E18F2342D00FF49A6 /* InfoPlist.strings in Resources */ = {isa = PBXBuildFile; fileRef = 448CC70C18F2342D00FF49A6 /* InfoPlist.strings */; };
		448CC71018F2342D00FF49A6 /* main.m in Sources */ = {isa = PBXBuildFile; fileRef = 448CC70F18F2342D00FF49A6 /* main.m */; };
		448CC71418F2342D00FF49A6 /* AppDelegate.m in Sources */ = {isa = PBXBuildFile; fileRef = 448CC71318F2342D00FF49A6 /* AppDelegate.m */; };
		448CC71718F2342D00FF49A6 /* Main_iPhone.storyboard in Resources */ = {isa = PBXBuildFile; fileRef = 448CC71518F2342D00FF49A6 /* Main_iPhone.storyboard */; };
		448CC72218F2342D00FF49A6 /* Images.xcassets in Resources */ = {isa = PBXBuildFile; fileRef = 448CC72118F2342D00FF49A6 /* Images.xcassets */; };
		448CC72918F2342D00FF49A6 /* XCTest.framework in Frameworks */ = {isa = PBXBuildFile; fileRef = 448CC72818F2342D00FF49A6 /* XCTest.framework */; };
		448CC72A18F2342D00FF49A6 /* Foundation.framework in Frameworks */ = {isa = PBXBuildFile; fileRef = 448CC70318F2342D00FF49A6 /* Foundation.framework */; };
		448CC72B18F2342D00FF49A6 /* UIKit.framework in Frameworks */ = {isa = PBXBuildFile; fileRef = 448CC70718F2342D00FF49A6 /* UIKit.framework */; };
		448CC73318F2342D00FF49A6 /* InfoPlist.strings in Resources */ = {isa = PBXBuildFile; fileRef = 448CC73118F2342D00FF49A6 /* InfoPlist.strings */; };
		448CC73518F2342D00FF49A6 /* SocialComic2014Tests.m in Sources */ = {isa = PBXBuildFile; fileRef = 448CC73418F2342D00FF49A6 /* SocialComic2014Tests.m */; };
		448CC74018F237D300FF49A6 /* ComicStoreViewController.m in Sources */ = {isa = PBXBuildFile; fileRef = 448CC73F18F237D300FF49A6 /* ComicStoreViewController.m */; };
		448CC74318F237E500FF49A6 /* XMLDownloader.m in Sources */ = {isa = PBXBuildFile; fileRef = 448CC74218F237E500FF49A6 /* XMLDownloader.m */; };
		448CC74618F237F600FF49A6 /* XMLProsessor.m in Sources */ = {isa = PBXBuildFile; fileRef = 448CC74518F237F600FF49A6 /* XMLProsessor.m */; };
		448CC74918F23BA000FF49A6 /* SMXMLDocument.m in Sources */ = {isa = PBXBuildFile; fileRef = 448CC74818F23BA000FF49A6 /* SMXMLDocument.m */; settings = {COMPILER_FLAGS = "-fno-objc-arc"; }; };
		448CC74D18F23C0E00FF49A6 /* Comic.m in Sources */ = {isa = PBXBuildFile; fileRef = 448CC74C18F23C0E00FF49A6 /* Comic.m */; };
		448CC75118F248DE00FF49A6 /* ImageCentre.m in Sources */ = {isa = PBXBuildFile; fileRef = 448CC75018F248DE00FF49A6 /* ImageCentre.m */; };
		448CC75318F24A7F00FF49A6 /* coverSample.jpg in Resources */ = {isa = PBXBuildFile; fileRef = 448CC75218F24A7F00FF49A6 /* coverSample.jpg */; };
		448CC75A18F24C5B00FF49A6 /* ImageDownloader.m in Sources */ = {isa = PBXBuildFile; fileRef = 448CC75918F24C5B00FF49A6 /* ImageDownloader.m */; };
		448CC76A18F2885A00FF49A6 /* TXTCentre.m in Sources */ = {isa = PBXBuildFile; fileRef = 448CC76918F2885A00FF49A6 /* TXTCentre.m */; };
		448CC76E18F2887200FF49A6 /* ZIPCentre.m in Sources */ = {isa = PBXBuildFile; fileRef = 448CC76D18F2887200FF49A6 /* ZIPCentre.m */; };
		448CC77218F28C2500FF49A6 /* icon_144.png in Resources */ = {isa = PBXBuildFile; fileRef = 448CC77118F28C2500FF49A6 /* icon_144.png */; };
		448CC77618F28CA200FF49A6 /* DACircularProgressView.m in Sources */ = {isa = PBXBuildFile; fileRef = 448CC77518F28CA200FF49A6 /* DACircularProgressView.m */; };
		448CC77A18F2927A00FF49A6 /* Toast+UIView.m in Sources */ = {isa = PBXBuildFile; fileRef = 448CC77918F2927A00FF49A6 /* Toast+UIView.m */; settings = {COMPILER_FLAGS = "-fno-objc-arc"; }; };
		448CC77D18F61AF900FF49A6 /* TXTDownloader.m in Sources */ = {isa = PBXBuildFile; fileRef = 448CC77C18F61AF900FF49A6 /* TXTDownloader.m */; };
		448CC78018F6257900FF49A6 /* ZIPDownloader.m in Sources */ = {isa = PBXBuildFile; fileRef = 448CC77F18F6257900FF49A6 /* ZIPDownloader.m */; };
		448CC78318F6657100FF49A6 /* BookCollectionViewController.m in Sources */ = {isa = PBXBuildFile; fileRef = 448CC78218F6657100FF49A6 /* BookCollectionViewController.m */; };
		448CC78518F666A900FF49A6 /* NoImageAvailable.jpg in Resources */ = {isa = PBXBuildFile; fileRef = 448CC78418F666A900FF49A6 /* NoImageAvailable.jpg */; };
		44A27CBB18FB89B70083760D /* bannerImage.png in Resources */ = {isa = PBXBuildFile; fileRef = 44A27CBA18FB89B70083760D /* bannerImage.png */; };
		44A27CBD18FB90EA0083760D /* hourglass_silhouette.png in Resources */ = {isa = PBXBuildFile; fileRef = 44A27CBC18FB90EA0083760D /* hourglass_silhouette.png */; };
		44D2539F18F7C2EA00DB883A /* LocalComicSingleton.m in Sources */ = {isa = PBXBuildFile; fileRef = 44D2539E18F7C2EA00DB883A /* LocalComicSingleton.m */; };
		44D253A218F7D56A00DB883A /* DownloadManagerTableViewController.m in Sources */ = {isa = PBXBuildFile; fileRef = 44D253A118F7D56A00DB883A /* DownloadManagerTableViewController.m */; };
/* End PBXBuildFile section */

/* Begin PBXContainerItemProxy section */
		448CC72C18F2342D00FF49A6 /* PBXContainerItemProxy */ = {
			isa = PBXContainerItemProxy;
			containerPortal = 448CC6F818F2342D00FF49A6 /* Project object */;
			proxyType = 1;
			remoteGlobalIDString = 448CC6FF18F2342D00FF49A6;
			remoteInfo = SocialComic2014;
		};
/* End PBXContainerItemProxy section */

/* Begin PBXFileReference section */
		440CCA941907818700C8CEF4 /* PartialTransparentView.h */ = {isa = PBXFileReference; fileEncoding = 4; lastKnownFileType = sourcecode.c.h; path = PartialTransparentView.h; sourceTree = "<group>"; };
		440CCA951907818700C8CEF4 /* PartialTransparentView.m */ = {isa = PBXFileReference; fileEncoding = 4; lastKnownFileType = sourcecode.c.objc; path = PartialTransparentView.m; sourceTree = "<group>"; };
		440CCA981907823D00C8CEF4 /* ComicStorePreviewAndDownloadViewController.h */ = {isa = PBXFileReference; fileEncoding = 4; lastKnownFileType = sourcecode.c.h; path = ComicStorePreviewAndDownloadViewController.h; sourceTree = "<group>"; };
		440CCA991907823D00C8CEF4 /* ComicStorePreviewAndDownloadViewController.m */ = {isa = PBXFileReference; fileEncoding = 4; lastKnownFileType = sourcecode.c.objc; path = ComicStorePreviewAndDownloadViewController.m; sourceTree = "<group>"; };
		440CCA9A1907823D00C8CEF4 /* ComicStorePreviewAndDownloadViewController.xib */ = {isa = PBXFileReference; fileEncoding = 4; lastKnownFileType = file.xib; path = ComicStorePreviewAndDownloadViewController.xib; sourceTree = "<group>"; };
		440CCA9D1907A19200C8CEF4 /* ComicReaderTabBarViewController.h */ = {isa = PBXFileReference; fileEncoding = 4; lastKnownFileType = sourcecode.c.h; path = ComicReaderTabBarViewController.h; sourceTree = "<group>"; };
		440CCA9E1907A19200C8CEF4 /* ComicReaderTabBarViewController.m */ = {isa = PBXFileReference; fileEncoding = 4; lastKnownFileType = sourcecode.c.objc; path = ComicReaderTabBarViewController.m; sourceTree = "<group>"; };
		440CCAA01907A49000C8CEF4 /* arrowleft.png */ = {isa = PBXFileReference; lastKnownFileType = image.png; path = arrowleft.png; sourceTree = "<group>"; };
		440CCAA11907A49000C8CEF4 /* arrowleft2x.png */ = {isa = PBXFileReference; lastKnownFileType = image.png; path = arrowleft2x.png; sourceTree = "<group>"; };
		440CCAA21907A49000C8CEF4 /* arrowright.png */ = {isa = PBXFileReference; lastKnownFileType = image.png; path = arrowright.png; sourceTree = "<group>"; };
		440CCAA31907A49000C8CEF4 /* arrowright@2x.png */ = {isa = PBXFileReference; lastKnownFileType = image.png; path = "arrowright@2x.png"; sourceTree = "<group>"; };
		440CCAA41907A49000C8CEF4 /* book.png */ = {isa = PBXFileReference; lastKnownFileType = image.png; path = book.png; sourceTree = "<group>"; };
		440CCAA51907A49000C8CEF4 /* book@2x.png */ = {isa = PBXFileReference; lastKnownFileType = image.png; path = "book@2x.png"; sourceTree = "<group>"; };
		440CCAA61907A49000C8CEF4 /* hold.png */ = {isa = PBXFileReference; lastKnownFileType = image.png; path = hold.png; sourceTree = "<group>"; };
		440CCAA71907A49100C8CEF4 /* hold@2x.png */ = {isa = PBXFileReference; lastKnownFileType = image.png; path = "hold@2x.png"; sourceTree = "<group>"; };
		440CCAA81907A49100C8CEF4 /* house.png */ = {isa = PBXFileReference; lastKnownFileType = image.png; path = house.png; sourceTree = "<group>"; };
		440CCAA91907A49100C8CEF4 /* house@2x.png */ = {isa = PBXFileReference; lastKnownFileType = image.png; path = "house@2x.png"; sourceTree = "<group>"; };
		440CCAAA1907A49100C8CEF4 /* icon_arrow_left.png */ = {isa = PBXFileReference; lastKnownFileType = image.png; path = icon_arrow_left.png; sourceTree = "<group>"; };
		440CCAAB1907A49100C8CEF4 /* icon_arrow_right.png */ = {isa = PBXFileReference; lastKnownFileType = image.png; path = icon_arrow_right.png; sourceTree = "<group>"; };
		440CCAAC1907A49100C8CEF4 /* imageBackground.png */ = {isa = PBXFileReference; lastKnownFileType = image.png; path = imageBackground.png; sourceTree = "<group>"; };
		440CCAAD1907A49100C8CEF4 /* imageViewCell.png */ = {isa = PBXFileReference; lastKnownFileType = image.png; path = imageViewCell.png; sourceTree = "<group>"; };
		440CCAAE1907A49100C8CEF4 /* menu.png */ = {isa = PBXFileReference; lastKnownFileType = image.png; path = menu.png; sourceTree = "<group>"; };
		440CCAAF1907A49100C8CEF4 /* menu@2x.png */ = {isa = PBXFileReference; lastKnownFileType = image.png; path = "menu@2x.png"; sourceTree = "<group>"; };
		440CCAB01907A49100C8CEF4 /* noCoverImage.png */ = {isa = PBXFileReference; lastKnownFileType = image.png; path = noCoverImage.png; sourceTree = "<group>"; };
		440CCAB11907A49100C8CEF4 /* noCoverImage@2x.png */ = {isa = PBXFileReference; lastKnownFileType = image.png; path = "noCoverImage@2x.png"; sourceTree = "<group>"; };
		440CCAB21907A49100C8CEF4 /* outline_damian.png */ = {isa = PBXFileReference; lastKnownFileType = image.png; path = outline_damian.png; sourceTree = "<group>"; };
		440CCAB31907A49100C8CEF4 /* page.png */ = {isa = PBXFileReference; lastKnownFileType = image.png; path = page.png; sourceTree = "<group>"; };
		440CCAB41907A49100C8CEF4 /* question-mark.png */ = {isa = PBXFileReference; lastKnownFileType = image.png; path = "question-mark.png"; sourceTree = "<group>"; };
		440CCAB51907A49100C8CEF4 /* question-mark@2x.png */ = {isa = PBXFileReference; lastKnownFileType = image.png; path = "question-mark@2x.png"; sourceTree = "<group>"; };
		440CCAB61907A49100C8CEF4 /* redcrossbutton.png */ = {isa = PBXFileReference; lastKnownFileType = image.png; path = redcrossbutton.png; sourceTree = "<group>"; };
		440CCAB71907A49100C8CEF4 /* redcrossbutton@2x.png */ = {isa = PBXFileReference; lastKnownFileType = image.png; path = "redcrossbutton@2x.png"; sourceTree = "<group>"; };
		440CCAB81907A49100C8CEF4 /* swipe.png */ = {isa = PBXFileReference; lastKnownFileType = image.png; path = swipe.png; sourceTree = "<group>"; };
		440CCAB91907A49100C8CEF4 /* swipe@2x.png */ = {isa = PBXFileReference; lastKnownFileType = image.png; path = "swipe@2x.png"; sourceTree = "<group>"; };
		440CCABA1907A49100C8CEF4 /* switch.png */ = {isa = PBXFileReference; lastKnownFileType = image.png; path = switch.png; sourceTree = "<group>"; };
		440CCABB1907A49100C8CEF4 /* switch@2x.png */ = {isa = PBXFileReference; lastKnownFileType = image.png; path = "switch@2x.png"; sourceTree = "<group>"; };
		4412FA011933227B00681438 /* download.png */ = {isa = PBXFileReference; lastKnownFileType = image.png; path = download.png; sourceTree = "<group>"; };
		4412FA051933261400681438 /* open_book.png */ = {isa = PBXFileReference; lastKnownFileType = image.png; path = open_book.png; sourceTree = "<group>"; };
		44134B6719330BA600681176 /* Reachability.h */ = {isa = PBXFileReference; fileEncoding = 4; lastKnownFileType = sourcecode.c.h; path = Reachability.h; sourceTree = "<group>"; };
		44134B6819330BA600681176 /* Reachability.m */ = {isa = PBXFileReference; fileEncoding = 4; lastKnownFileType = sourcecode.c.objc; path = Reachability.m; sourceTree = "<group>"; };
		44134B8B19330E1300681176 /* libZipArchive-ios.a */ = {isa = PBXFileReference; lastKnownFileType = archive.ar; path = "libZipArchive-ios.a"; sourceTree = "<group>"; };
		44134B8D19330E2000681176 /* ZipArchive.h */ = {isa = PBXFileReference; lastKnownFileType = sourcecode.c.h; path = ZipArchive.h; sourceTree = "<group>"; };
		441BA3ED1925DB00001B963D /* ATPagingView.h */ = {isa = PBXFileReference; fileEncoding = 4; lastKnownFileType = sourcecode.c.h; path = ATPagingView.h; sourceTree = "<group>"; };
		441BA3EE1925DB00001B963D /* ATPagingView.m */ = {isa = PBXFileReference; fileEncoding = 4; lastKnownFileType = sourcecode.c.objc; path = ATPagingView.m; sourceTree = "<group>"; };
		441BA3F61925DC32001B963D /* ComicViewATPagingViewController.h */ = {isa = PBXFileReference; fileEncoding = 4; lastKnownFileType = sourcecode.c.h; path = ComicViewATPagingViewController.h; sourceTree = "<group>"; };
		441BA3F71925DC32001B963D /* ComicViewATPagingViewController.m */ = {isa = PBXFileReference; fileEncoding = 4; lastKnownFileType = sourcecode.c.objc; path = ComicViewATPagingViewController.m; sourceTree = "<group>"; };
		44484C5919137D71000FECB1 /* ComicDownloadIndicatorViewController.h */ = {isa = PBXFileReference; fileEncoding = 4; lastKnownFileType = sourcecode.c.h; path = ComicDownloadIndicatorViewController.h; sourceTree = "<group>"; };
		44484C5A19137D71000FECB1 /* ComicDownloadIndicatorViewController.m */ = {isa = PBXFileReference; fileEncoding = 4; lastKnownFileType = sourcecode.c.objc; path = ComicDownloadIndicatorViewController.m; sourceTree = "<group>"; };
		44484C5B19137D71000FECB1 /* ComicDownloadIndicatorViewController.xib */ = {isa = PBXFileReference; fileEncoding = 4; lastKnownFileType = file.xib; path = ComicDownloadIndicatorViewController.xib; sourceTree = "<group>"; };
		44484C5E191382FF000FECB1 /* ARCMacros.h */ = {isa = PBXFileReference; fileEncoding = 4; lastKnownFileType = sourcecode.c.h; path = ARCMacros.h; sourceTree = "<group>"; };
		44484C5F191382FF000FECB1 /* FPPopoverController.h */ = {isa = PBXFileReference; fileEncoding = 4; lastKnownFileType = sourcecode.c.h; path = FPPopoverController.h; sourceTree = "<group>"; };
		44484C60191382FF000FECB1 /* FPPopoverController.m */ = {isa = PBXFileReference; fileEncoding = 4; lastKnownFileType = sourcecode.c.objc; path = FPPopoverController.m; sourceTree = "<group>"; };
		44484C61191382FF000FECB1 /* FPPopoverView.h */ = {isa = PBXFileReference; fileEncoding = 4; lastKnownFileType = sourcecode.c.h; path = FPPopoverView.h; sourceTree = "<group>"; };
		44484C62191382FF000FECB1 /* FPPopoverView.m */ = {isa = PBXFileReference; fileEncoding = 4; lastKnownFileType = sourcecode.c.objc; path = FPPopoverView.m; sourceTree = "<group>"; };
		44484C63191382FF000FECB1 /* FPTouchView.h */ = {isa = PBXFileReference; fileEncoding = 4; lastKnownFileType = sourcecode.c.h; path = FPTouchView.h; sourceTree = "<group>"; };
		44484C64191382FF000FECB1 /* FPTouchView.m */ = {isa = PBXFileReference; fileEncoding = 4; lastKnownFileType = sourcecode.c.objc; path = FPTouchView.m; sourceTree = "<group>"; };
		446A318D191A00A70019FE64 /* ComicViewingViewController.h */ = {isa = PBXFileReference; fileEncoding = 4; lastKnownFileType = sourcecode.c.h; path = ComicViewingViewController.h; sourceTree = "<group>"; };
		446A318E191A00A70019FE64 /* ComicViewingViewController.m */ = {isa = PBXFileReference; fileEncoding = 4; lastKnownFileType = sourcecode.c.objc; path = ComicViewingViewController.m; sourceTree = "<group>"; };
		446A318F191A00A70019FE64 /* ComicViewingViewController.xib */ = {isa = PBXFileReference; fileEncoding = 4; lastKnownFileType = file.xib; path = ComicViewingViewController.xib; sourceTree = "<group>"; };
		446A31A4191A188F0019FE64 /* libz.dylib */ = {isa = PBXFileReference; lastKnownFileType = "compiled.mach-o.dylib"; name = libz.dylib; path = usr/lib/libz.dylib; sourceTree = SDKROOT; };
		446A31A9191B2E220019FE64 /* Unzipper.h */ = {isa = PBXFileReference; fileEncoding = 4; lastKnownFileType = sourcecode.c.h; path = Unzipper.h; sourceTree = "<group>"; };
		446A31AA191B2E220019FE64 /* Unzipper.m */ = {isa = PBXFileReference; fileEncoding = 4; lastKnownFileType = sourcecode.c.objc; path = Unzipper.m; sourceTree = "<group>"; };
		448CC70018F2342D00FF49A6 /* SocialComic2014.app */ = {isa = PBXFileReference; explicitFileType = wrapper.application; includeInIndex = 0; path = SocialComic2014.app; sourceTree = BUILT_PRODUCTS_DIR; };
		448CC70318F2342D00FF49A6 /* Foundation.framework */ = {isa = PBXFileReference; lastKnownFileType = wrapper.framework; name = Foundation.framework; path = System/Library/Frameworks/Foundation.framework; sourceTree = SDKROOT; };
		448CC70518F2342D00FF49A6 /* CoreGraphics.framework */ = {isa = PBXFileReference; lastKnownFileType = wrapper.framework; name = CoreGraphics.framework; path = System/Library/Frameworks/CoreGraphics.framework; sourceTree = SDKROOT; };
		448CC70718F2342D00FF49A6 /* UIKit.framework */ = {isa = PBXFileReference; lastKnownFileType = wrapper.framework; name = UIKit.framework; path = System/Library/Frameworks/UIKit.framework; sourceTree = SDKROOT; };
		448CC70B18F2342D00FF49A6 /* SocialComic2014-Info.plist */ = {isa = PBXFileReference; lastKnownFileType = text.plist.xml; path = "SocialComic2014-Info.plist"; sourceTree = "<group>"; };
		448CC70D18F2342D00FF49A6 /* en */ = {isa = PBXFileReference; lastKnownFileType = text.plist.strings; name = en; path = en.lproj/InfoPlist.strings; sourceTree = "<group>"; };
		448CC70F18F2342D00FF49A6 /* main.m */ = {isa = PBXFileReference; lastKnownFileType = sourcecode.c.objc; path = main.m; sourceTree = "<group>"; };
		448CC71118F2342D00FF49A6 /* SocialComic2014-Prefix.pch */ = {isa = PBXFileReference; lastKnownFileType = sourcecode.c.h; path = "SocialComic2014-Prefix.pch"; sourceTree = "<group>"; };
		448CC71218F2342D00FF49A6 /* AppDelegate.h */ = {isa = PBXFileReference; lastKnownFileType = sourcecode.c.h; path = AppDelegate.h; sourceTree = "<group>"; };
		448CC71318F2342D00FF49A6 /* AppDelegate.m */ = {isa = PBXFileReference; lastKnownFileType = sourcecode.c.objc; path = AppDelegate.m; sourceTree = "<group>"; };
		448CC71618F2342D00FF49A6 /* Base */ = {isa = PBXFileReference; lastKnownFileType = file.storyboard; name = Base; path = Base.lproj/Main_iPhone.storyboard; sourceTree = "<group>"; };
		448CC72118F2342D00FF49A6 /* Images.xcassets */ = {isa = PBXFileReference; lastKnownFileType = folder.assetcatalog; path = Images.xcassets; sourceTree = "<group>"; };
		448CC72718F2342D00FF49A6 /* SocialComic2014Tests.xctest */ = {isa = PBXFileReference; explicitFileType = wrapper.cfbundle; includeInIndex = 0; path = SocialComic2014Tests.xctest; sourceTree = BUILT_PRODUCTS_DIR; };
		448CC72818F2342D00FF49A6 /* XCTest.framework */ = {isa = PBXFileReference; lastKnownFileType = wrapper.framework; name = XCTest.framework; path = Library/Frameworks/XCTest.framework; sourceTree = DEVELOPER_DIR; };
		448CC73018F2342D00FF49A6 /* SocialComic2014Tests-Info.plist */ = {isa = PBXFileReference; lastKnownFileType = text.plist.xml; path = "SocialComic2014Tests-Info.plist"; sourceTree = "<group>"; };
		448CC73218F2342D00FF49A6 /* en */ = {isa = PBXFileReference; lastKnownFileType = text.plist.strings; name = en; path = en.lproj/InfoPlist.strings; sourceTree = "<group>"; };
		448CC73418F2342D00FF49A6 /* SocialComic2014Tests.m */ = {isa = PBXFileReference; lastKnownFileType = sourcecode.c.objc; path = SocialComic2014Tests.m; sourceTree = "<group>"; };
		448CC73E18F237D300FF49A6 /* ComicStoreViewController.h */ = {isa = PBXFileReference; fileEncoding = 4; lastKnownFileType = sourcecode.c.h; path = ComicStoreViewController.h; sourceTree = "<group>"; };
		448CC73F18F237D300FF49A6 /* ComicStoreViewController.m */ = {isa = PBXFileReference; fileEncoding = 4; lastKnownFileType = sourcecode.c.objc; path = ComicStoreViewController.m; sourceTree = "<group>"; };
		448CC74118F237E500FF49A6 /* XMLDownloader.h */ = {isa = PBXFileReference; fileEncoding = 4; lastKnownFileType = sourcecode.c.h; path = XMLDownloader.h; sourceTree = "<group>"; };
		448CC74218F237E500FF49A6 /* XMLDownloader.m */ = {isa = PBXFileReference; fileEncoding = 4; lastKnownFileType = sourcecode.c.objc; path = XMLDownloader.m; sourceTree = "<group>"; };
		448CC74418F237F600FF49A6 /* XMLProsessor.h */ = {isa = PBXFileReference; fileEncoding = 4; lastKnownFileType = sourcecode.c.h; path = XMLProsessor.h; sourceTree = "<group>"; };
		448CC74518F237F600FF49A6 /* XMLProsessor.m */ = {isa = PBXFileReference; fileEncoding = 4; lastKnownFileType = sourcecode.c.objc; path = XMLProsessor.m; sourceTree = "<group>"; };
		448CC74718F23BA000FF49A6 /* SMXMLDocument.h */ = {isa = PBXFileReference; fileEncoding = 4; lastKnownFileType = sourcecode.c.h; path = SMXMLDocument.h; sourceTree = "<group>"; };
		448CC74818F23BA000FF49A6 /* SMXMLDocument.m */ = {isa = PBXFileReference; fileEncoding = 4; lastKnownFileType = sourcecode.c.objc; path = SMXMLDocument.m; sourceTree = "<group>"; };
		448CC74B18F23C0E00FF49A6 /* Comic.h */ = {isa = PBXFileReference; fileEncoding = 4; lastKnownFileType = sourcecode.c.h; path = Comic.h; sourceTree = "<group>"; };
		448CC74C18F23C0E00FF49A6 /* Comic.m */ = {isa = PBXFileReference; fileEncoding = 4; lastKnownFileType = sourcecode.c.objc; path = Comic.m; sourceTree = "<group>"; };
		448CC74F18F248DE00FF49A6 /* ImageCentre.h */ = {isa = PBXFileReference; fileEncoding = 4; lastKnownFileType = sourcecode.c.h; path = ImageCentre.h; sourceTree = "<group>"; };
		448CC75018F248DE00FF49A6 /* ImageCentre.m */ = {isa = PBXFileReference; fileEncoding = 4; lastKnownFileType = sourcecode.c.objc; path = ImageCentre.m; sourceTree = "<group>"; };
		448CC75218F24A7F00FF49A6 /* coverSample.jpg */ = {isa = PBXFileReference; lastKnownFileType = image.jpeg; path = coverSample.jpg; sourceTree = "<group>"; };
		448CC75818F24C5B00FF49A6 /* ImageDownloader.h */ = {isa = PBXFileReference; fileEncoding = 4; lastKnownFileType = sourcecode.c.h; path = ImageDownloader.h; sourceTree = "<group>"; };
		448CC75918F24C5B00FF49A6 /* ImageDownloader.m */ = {isa = PBXFileReference; fileEncoding = 4; lastKnownFileType = sourcecode.c.objc; path = ImageDownloader.m; sourceTree = "<group>"; };
		448CC75B18F24FA500FF49A6 /* Constants.h */ = {isa = PBXFileReference; lastKnownFileType = sourcecode.c.h; path = Constants.h; sourceTree = "<group>"; };
		448CC76818F2885A00FF49A6 /* TXTCentre.h */ = {isa = PBXFileReference; fileEncoding = 4; lastKnownFileType = sourcecode.c.h; path = TXTCentre.h; sourceTree = "<group>"; };
		448CC76918F2885A00FF49A6 /* TXTCentre.m */ = {isa = PBXFileReference; fileEncoding = 4; lastKnownFileType = sourcecode.c.objc; path = TXTCentre.m; sourceTree = "<group>"; };
		448CC76C18F2887200FF49A6 /* ZIPCentre.h */ = {isa = PBXFileReference; fileEncoding = 4; lastKnownFileType = sourcecode.c.h; path = ZIPCentre.h; sourceTree = "<group>"; };
		448CC76D18F2887200FF49A6 /* ZIPCentre.m */ = {isa = PBXFileReference; fileEncoding = 4; lastKnownFileType = sourcecode.c.objc; path = ZIPCentre.m; sourceTree = "<group>"; };
		448CC77118F28C2500FF49A6 /* icon_144.png */ = {isa = PBXFileReference; lastKnownFileType = image.png; path = icon_144.png; sourceTree = "<group>"; };
		448CC77418F28CA200FF49A6 /* DACircularProgressView.h */ = {isa = PBXFileReference; fileEncoding = 4; lastKnownFileType = sourcecode.c.h; path = DACircularProgressView.h; sourceTree = "<group>"; };
		448CC77518F28CA200FF49A6 /* DACircularProgressView.m */ = {isa = PBXFileReference; fileEncoding = 4; lastKnownFileType = sourcecode.c.objc; path = DACircularProgressView.m; sourceTree = "<group>"; };
		448CC77818F2927A00FF49A6 /* Toast+UIView.h */ = {isa = PBXFileReference; fileEncoding = 4; lastKnownFileType = sourcecode.c.h; path = "Toast+UIView.h"; sourceTree = "<group>"; };
		448CC77918F2927A00FF49A6 /* Toast+UIView.m */ = {isa = PBXFileReference; fileEncoding = 4; lastKnownFileType = sourcecode.c.objc; path = "Toast+UIView.m"; sourceTree = "<group>"; };
		448CC77B18F61AF900FF49A6 /* TXTDownloader.h */ = {isa = PBXFileReference; fileEncoding = 4; lastKnownFileType = sourcecode.c.h; path = TXTDownloader.h; sourceTree = "<group>"; };
		448CC77C18F61AF900FF49A6 /* TXTDownloader.m */ = {isa = PBXFileReference; fileEncoding = 4; lastKnownFileType = sourcecode.c.objc; path = TXTDownloader.m; sourceTree = "<group>"; };
		448CC77E18F6257900FF49A6 /* ZIPDownloader.h */ = {isa = PBXFileReference; fileEncoding = 4; lastKnownFileType = sourcecode.c.h; path = ZIPDownloader.h; sourceTree = "<group>"; };
		448CC77F18F6257900FF49A6 /* ZIPDownloader.m */ = {isa = PBXFileReference; fileEncoding = 4; lastKnownFileType = sourcecode.c.objc; path = ZIPDownloader.m; sourceTree = "<group>"; };
		448CC78118F6657100FF49A6 /* BookCollectionViewController.h */ = {isa = PBXFileReference; fileEncoding = 4; lastKnownFileType = sourcecode.c.h; path = BookCollectionViewController.h; sourceTree = "<group>"; };
		448CC78218F6657100FF49A6 /* BookCollectionViewController.m */ = {isa = PBXFileReference; fileEncoding = 4; lastKnownFileType = sourcecode.c.objc; path = BookCollectionViewController.m; sourceTree = "<group>"; };
		448CC78418F666A900FF49A6 /* NoImageAvailable.jpg */ = {isa = PBXFileReference; lastKnownFileType = image.jpeg; path = NoImageAvailable.jpg; sourceTree = "<group>"; };
		44A27CBA18FB89B70083760D /* bannerImage.png */ = {isa = PBXFileReference; lastKnownFileType = image.png; path = bannerImage.png; sourceTree = "<group>"; };
		44A27CBC18FB90EA0083760D /* hourglass_silhouette.png */ = {isa = PBXFileReference; lastKnownFileType = image.png; path = hourglass_silhouette.png; sourceTree = "<group>"; };
		44D2539D18F7C2EA00DB883A /* LocalComicSingleton.h */ = {isa = PBXFileReference; fileEncoding = 4; lastKnownFileType = sourcecode.c.h; path = LocalComicSingleton.h; sourceTree = "<group>"; };
		44D2539E18F7C2EA00DB883A /* LocalComicSingleton.m */ = {isa = PBXFileReference; fileEncoding = 4; lastKnownFileType = sourcecode.c.objc; path = LocalComicSingleton.m; sourceTree = "<group>"; };
		44D253A018F7D56A00DB883A /* DownloadManagerTableViewController.h */ = {isa = PBXFileReference; fileEncoding = 4; lastKnownFileType = sourcecode.c.h; path = DownloadManagerTableViewController.h; sourceTree = "<group>"; };
		44D253A118F7D56A00DB883A /* DownloadManagerTableViewController.m */ = {isa = PBXFileReference; fileEncoding = 4; lastKnownFileType = sourcecode.c.objc; path = DownloadManagerTableViewController.m; sourceTree = "<group>"; };
/* End PBXFileReference section */

/* Begin PBXFrameworksBuildPhase section */
		448CC6FD18F2342D00FF49A6 /* Frameworks */ = {
			isa = PBXFrameworksBuildPhase;
			buildActionMask = 2147483647;
			files = (
				44134B8C19330E1300681176 /* libZipArchive-ios.a in Frameworks */,
				446A31A5191A188F0019FE64 /* libz.dylib in Frameworks */,
				448CC70618F2342D00FF49A6 /* CoreGraphics.framework in Frameworks */,
				448CC70818F2342D00FF49A6 /* UIKit.framework in Frameworks */,
				448CC70418F2342D00FF49A6 /* Foundation.framework in Frameworks */,
			);
			runOnlyForDeploymentPostprocessing = 0;
		};
		448CC72418F2342D00FF49A6 /* Frameworks */ = {
			isa = PBXFrameworksBuildPhase;
			buildActionMask = 2147483647;
			files = (
				448CC72918F2342D00FF49A6 /* XCTest.framework in Frameworks */,
				448CC72B18F2342D00FF49A6 /* UIKit.framework in Frameworks */,
				448CC72A18F2342D00FF49A6 /* Foundation.framework in Frameworks */,
			);
			runOnlyForDeploymentPostprocessing = 0;
		};
/* End PBXFrameworksBuildPhase section */

/* Begin PBXGroup section */
		440CCA971907819C00C8CEF4 /* PartialTransparentView */ = {
			isa = PBXGroup;
			children = (
				440CCA941907818700C8CEF4 /* PartialTransparentView.h */,
				440CCA951907818700C8CEF4 /* PartialTransparentView.m */,
			);
			name = PartialTransparentView;
			sourceTree = "<group>";
		};
		440CCAD81907A49500C8CEF4 /* icons */ = {
			isa = PBXGroup;
			children = (
				440CCAA01907A49000C8CEF4 /* arrowleft.png */,
				440CCAA11907A49000C8CEF4 /* arrowleft2x.png */,
				440CCAA21907A49000C8CEF4 /* arrowright.png */,
				440CCAA31907A49000C8CEF4 /* arrowright@2x.png */,
				440CCAA41907A49000C8CEF4 /* book.png */,
				440CCAA51907A49000C8CEF4 /* book@2x.png */,
				440CCAA61907A49000C8CEF4 /* hold.png */,
				440CCAA71907A49100C8CEF4 /* hold@2x.png */,
				440CCAA81907A49100C8CEF4 /* house.png */,
				440CCAA91907A49100C8CEF4 /* house@2x.png */,
				440CCAAA1907A49100C8CEF4 /* icon_arrow_left.png */,
				440CCAAB1907A49100C8CEF4 /* icon_arrow_right.png */,
				440CCAAC1907A49100C8CEF4 /* imageBackground.png */,
				440CCAAD1907A49100C8CEF4 /* imageViewCell.png */,
				440CCAAE1907A49100C8CEF4 /* menu.png */,
				440CCAAF1907A49100C8CEF4 /* menu@2x.png */,
				440CCAB01907A49100C8CEF4 /* noCoverImage.png */,
				440CCAB11907A49100C8CEF4 /* noCoverImage@2x.png */,
				440CCAB21907A49100C8CEF4 /* outline_damian.png */,
				440CCAB31907A49100C8CEF4 /* page.png */,
				440CCAB41907A49100C8CEF4 /* question-mark.png */,
				440CCAB51907A49100C8CEF4 /* question-mark@2x.png */,
				440CCAB61907A49100C8CEF4 /* redcrossbutton.png */,
				440CCAB71907A49100C8CEF4 /* redcrossbutton@2x.png */,
				440CCAB81907A49100C8CEF4 /* swipe.png */,
				440CCAB91907A49100C8CEF4 /* swipe@2x.png */,
				440CCABA1907A49100C8CEF4 /* switch.png */,
				440CCABB1907A49100C8CEF4 /* switch@2x.png */,
			);
			name = icons;
			sourceTree = "<group>";
		};
		44134B6A19330BA900681176 /* Reachability */ = {
			isa = PBXGroup;
			children = (
				44134B6719330BA600681176 /* Reachability.h */,
				44134B6819330BA600681176 /* Reachability.m */,
			);
			name = Reachability;
			sourceTree = "<group>";
		};
		44134B8E19330E2400681176 /* ZipArchive */ = {
			isa = PBXGroup;
			children = (
				44134B8B19330E1300681176 /* libZipArchive-ios.a */,
				44134B8D19330E2000681176 /* ZipArchive.h */,
			);
			name = ZipArchive;
			sourceTree = "<group>";
		};
		441BA3F01925DB05001B963D /* ATPagingView */ = {
			isa = PBXGroup;
			children = (
				441BA3ED1925DB00001B963D /* ATPagingView.h */,
				441BA3EE1925DB00001B963D /* ATPagingView.m */,
			);
			name = ATPagingView;
			sourceTree = "<group>";
		};
		441BA3F11925DBA7001B963D /* ComicViewing */ = {
			isa = PBXGroup;
			children = (
				441BA3F61925DC32001B963D /* ComicViewATPagingViewController.h */,
				441BA3F71925DC32001B963D /* ComicViewATPagingViewController.m */,
				446A318D191A00A70019FE64 /* ComicViewingViewController.h */,
				446A318E191A00A70019FE64 /* ComicViewingViewController.m */,
				446A318F191A00A70019FE64 /* ComicViewingViewController.xib */,
			);
			name = ComicViewing;
			sourceTree = "<group>";
		};
		441BA3F21925DBBD001B963D /* BookCollection */ = {
			isa = PBXGroup;
			children = (
				448CC78118F6657100FF49A6 /* BookCollectionViewController.h */,
				448CC78218F6657100FF49A6 /* BookCollectionViewController.m */,
				44D2539D18F7C2EA00DB883A /* LocalComicSingleton.h */,
				44D2539E18F7C2EA00DB883A /* LocalComicSingleton.m */,
			);
			name = BookCollection;
			sourceTree = "<group>";
		};
		441BA3F31925DBC8001B963D /* StorePreview */ = {
			isa = PBXGroup;
			children = (
				440CCA981907823D00C8CEF4 /* ComicStorePreviewAndDownloadViewController.h */,
				440CCA991907823D00C8CEF4 /* ComicStorePreviewAndDownloadViewController.m */,
				440CCA9A1907823D00C8CEF4 /* ComicStorePreviewAndDownloadViewController.xib */,
			);
			name = StorePreview;
			sourceTree = "<group>";
		};
		441BA3F41925DBD0001B963D /* DownloadManager */ = {
			isa = PBXGroup;
			children = (
				44484C5919137D71000FECB1 /* ComicDownloadIndicatorViewController.h */,
				44484C5A19137D71000FECB1 /* ComicDownloadIndicatorViewController.m */,
				44484C5B19137D71000FECB1 /* ComicDownloadIndicatorViewController.xib */,
				44D253A018F7D56A00DB883A /* DownloadManagerTableViewController.h */,
				44D253A118F7D56A00DB883A /* DownloadManagerTableViewController.m */,
			);
			name = DownloadManager;
			sourceTree = "<group>";
		};
		441BA3F51925DBE7001B963D /* ComicStore */ = {
			isa = PBXGroup;
			children = (
				441BA3F41925DBD0001B963D /* DownloadManager */,
				448CC73E18F237D300FF49A6 /* ComicStoreViewController.h */,
				448CC73F18F237D300FF49A6 /* ComicStoreViewController.m */,
			);
			name = ComicStore;
			sourceTree = "<group>";
		};
		44484C6819138304000FECB1 /* FPPopoverController */ = {
			isa = PBXGroup;
			children = (
				44484C5E191382FF000FECB1 /* ARCMacros.h */,
				44484C5F191382FF000FECB1 /* FPPopoverController.h */,
				44484C60191382FF000FECB1 /* FPPopoverController.m */,
				44484C61191382FF000FECB1 /* FPPopoverView.h */,
				44484C62191382FF000FECB1 /* FPPopoverView.m */,
				44484C63191382FF000FECB1 /* FPTouchView.h */,
				44484C64191382FF000FECB1 /* FPTouchView.m */,
			);
			name = FPPopoverController;
			sourceTree = "<group>";
		};
		448CC6F718F2342D00FF49A6 = {
			isa = PBXGroup;
			children = (
				448CC70918F2342D00FF49A6 /* SocialComic2014 */,
				448CC72E18F2342D00FF49A6 /* SocialComic2014Tests */,
				448CC70218F2342D00FF49A6 /* Frameworks */,
				448CC70118F2342D00FF49A6 /* Products */,
			);
			sourceTree = "<group>";
		};
		448CC70118F2342D00FF49A6 /* Products */ = {
			isa = PBXGroup;
			children = (
				448CC70018F2342D00FF49A6 /* SocialComic2014.app */,
				448CC72718F2342D00FF49A6 /* SocialComic2014Tests.xctest */,
			);
			name = Products;
			sourceTree = "<group>";
		};
		448CC70218F2342D00FF49A6 /* Frameworks */ = {
			isa = PBXGroup;
			children = (
				446A31A4191A188F0019FE64 /* libz.dylib */,
				448CC70318F2342D00FF49A6 /* Foundation.framework */,
				448CC70518F2342D00FF49A6 /* CoreGraphics.framework */,
				448CC70718F2342D00FF49A6 /* UIKit.framework */,
				448CC72818F2342D00FF49A6 /* XCTest.framework */,
			);
			name = Frameworks;
			sourceTree = "<group>";
		};
		448CC70918F2342D00FF49A6 /* SocialComic2014 */ = {
			isa = PBXGroup;
			children = (
				448CC71218F2342D00FF49A6 /* AppDelegate.h */,
				448CC71318F2342D00FF49A6 /* AppDelegate.m */,
				448CC71518F2342D00FF49A6 /* Main_iPhone.storyboard */,
				440CCA9D1907A19200C8CEF4 /* ComicReaderTabBarViewController.h */,
				440CCA9E1907A19200C8CEF4 /* ComicReaderTabBarViewController.m */,
				44134B6A19330BA900681176 /* Reachability */,
				441BA3F51925DBE7001B963D /* ComicStore */,
				441BA3F31925DBC8001B963D /* StorePreview */,
				441BA3F21925DBBD001B963D /* BookCollection */,
				441BA3F11925DBA7001B963D /* ComicViewing */,
				44134B8E19330E2400681176 /* ZipArchive */,
				441BA3F01925DB05001B963D /* ATPagingView */,
				44484C6819138304000FECB1 /* FPPopoverController */,
				440CCA971907819C00C8CEF4 /* PartialTransparentView */,
				448CC77718F2927A00FF49A6 /* Toast */,
				448CC77318F28CA200FF49A6 /* DACircularProgress */,
				448CC77018F28C1600FF49A6 /* Images */,
				448CC76F18F2887600FF49A6 /* ZIP */,
				448CC76B18F2886000FF49A6 /* TXT */,
				448CC75418F24B2700FF49A6 /* Image */,
				448CC74E18F248BE00FF49A6 /* XML */,
				440CCAD81907A49500C8CEF4 /* icons */,
				448CC74B18F23C0E00FF49A6 /* Comic.h */,
				448CC74C18F23C0E00FF49A6 /* Comic.m */,
				448CC72118F2342D00FF49A6 /* Images.xcassets */,
				448CC70A18F2342D00FF49A6 /* Supporting Files */,
				448CC75B18F24FA500FF49A6 /* Constants.h */,
			);
			path = SocialComic2014;
			sourceTree = "<group>";
		};
		448CC70A18F2342D00FF49A6 /* Supporting Files */ = {
			isa = PBXGroup;
			children = (
				448CC70B18F2342D00FF49A6 /* SocialComic2014-Info.plist */,
				448CC70C18F2342D00FF49A6 /* InfoPlist.strings */,
				448CC70F18F2342D00FF49A6 /* main.m */,
				448CC71118F2342D00FF49A6 /* SocialComic2014-Prefix.pch */,
			);
			name = "Supporting Files";
			sourceTree = "<group>";
		};
		448CC72E18F2342D00FF49A6 /* SocialComic2014Tests */ = {
			isa = PBXGroup;
			children = (
				448CC73418F2342D00FF49A6 /* SocialComic2014Tests.m */,
				448CC72F18F2342D00FF49A6 /* Supporting Files */,
			);
			path = SocialComic2014Tests;
			sourceTree = "<group>";
		};
		448CC72F18F2342D00FF49A6 /* Supporting Files */ = {
			isa = PBXGroup;
			children = (
				448CC73018F2342D00FF49A6 /* SocialComic2014Tests-Info.plist */,
				448CC73118F2342D00FF49A6 /* InfoPlist.strings */,
			);
			name = "Supporting Files";
			sourceTree = "<group>";
		};
		448CC74A18F23BA400FF49A6 /* SMXMLDocument */ = {
			isa = PBXGroup;
			children = (
				448CC74718F23BA000FF49A6 /* SMXMLDocument.h */,
				448CC74818F23BA000FF49A6 /* SMXMLDocument.m */,
			);
			name = SMXMLDocument;
			sourceTree = "<group>";
		};
		448CC74E18F248BE00FF49A6 /* XML */ = {
			isa = PBXGroup;
			children = (
				448CC74A18F23BA400FF49A6 /* SMXMLDocument */,
				448CC74118F237E500FF49A6 /* XMLDownloader.h */,
				448CC74218F237E500FF49A6 /* XMLDownloader.m */,
				448CC74418F237F600FF49A6 /* XMLProsessor.h */,
				448CC74518F237F600FF49A6 /* XMLProsessor.m */,
			);
			name = XML;
			sourceTree = "<group>";
		};
		448CC75418F24B2700FF49A6 /* Image */ = {
			isa = PBXGroup;
			children = (
				448CC74F18F248DE00FF49A6 /* ImageCentre.h */,
				448CC75018F248DE00FF49A6 /* ImageCentre.m */,
				448CC75818F24C5B00FF49A6 /* ImageDownloader.h */,
				448CC75918F24C5B00FF49A6 /* ImageDownloader.m */,
			);
			name = Image;
			sourceTree = "<group>";
		};
		448CC76B18F2886000FF49A6 /* TXT */ = {
			isa = PBXGroup;
			children = (
				448CC76818F2885A00FF49A6 /* TXTCentre.h */,
				448CC76918F2885A00FF49A6 /* TXTCentre.m */,
				448CC77B18F61AF900FF49A6 /* TXTDownloader.h */,
				448CC77C18F61AF900FF49A6 /* TXTDownloader.m */,
			);
			name = TXT;
			sourceTree = "<group>";
		};
		448CC76F18F2887600FF49A6 /* ZIP */ = {
			isa = PBXGroup;
			children = (
				448CC76C18F2887200FF49A6 /* ZIPCentre.h */,
				448CC76D18F2887200FF49A6 /* ZIPCentre.m */,
				448CC77E18F6257900FF49A6 /* ZIPDownloader.h */,
				448CC77F18F6257900FF49A6 /* ZIPDownloader.m */,
				446A31A9191B2E220019FE64 /* Unzipper.h */,
				446A31AA191B2E220019FE64 /* Unzipper.m */,
			);
			name = ZIP;
			sourceTree = "<group>";
		};
		448CC77018F28C1600FF49A6 /* Images */ = {
			isa = PBXGroup;
			children = (
				4412FA051933261400681438 /* open_book.png */,
				4412FA011933227B00681438 /* download.png */,
				44A27CBA18FB89B70083760D /* bannerImage.png */,
				44A27CBC18FB90EA0083760D /* hourglass_silhouette.png */,
				448CC78418F666A900FF49A6 /* NoImageAvailable.jpg */,
				448CC75218F24A7F00FF49A6 /* coverSample.jpg */,
				448CC77118F28C2500FF49A6 /* icon_144.png */,
			);
			name = Images;
			sourceTree = "<group>";
		};
		448CC77318F28CA200FF49A6 /* DACircularProgress */ = {
			isa = PBXGroup;
			children = (
				448CC77418F28CA200FF49A6 /* DACircularProgressView.h */,
				448CC77518F28CA200FF49A6 /* DACircularProgressView.m */,
			);
			path = DACircularProgress;
			sourceTree = "<group>";
		};
		448CC77718F2927A00FF49A6 /* Toast */ = {
			isa = PBXGroup;
			children = (
				448CC77818F2927A00FF49A6 /* Toast+UIView.h */,
				448CC77918F2927A00FF49A6 /* Toast+UIView.m */,
			);
			path = Toast;
			sourceTree = "<group>";
		};
/* End PBXGroup section */

/* Begin PBXNativeTarget section */
		448CC6FF18F2342D00FF49A6 /* SocialComic2014 */ = {
			isa = PBXNativeTarget;
			buildConfigurationList = 448CC73818F2342D00FF49A6 /* Build configuration list for PBXNativeTarget "SocialComic2014" */;
			buildPhases = (
				448CC6FC18F2342D00FF49A6 /* Sources */,
				448CC6FD18F2342D00FF49A6 /* Frameworks */,
				448CC6FE18F2342D00FF49A6 /* Resources */,
			);
			buildRules = (
			);
			dependencies = (
			);
			name = SocialComic2014;
			productName = SocialComic2014;
			productReference = 448CC70018F2342D00FF49A6 /* SocialComic2014.app */;
			productType = "com.apple.product-type.application";
		};
		448CC72618F2342D00FF49A6 /* SocialComic2014Tests */ = {
			isa = PBXNativeTarget;
			buildConfigurationList = 448CC73B18F2342D00FF49A6 /* Build configuration list for PBXNativeTarget "SocialComic2014Tests" */;
			buildPhases = (
				448CC72318F2342D00FF49A6 /* Sources */,
				448CC72418F2342D00FF49A6 /* Frameworks */,
				448CC72518F2342D00FF49A6 /* Resources */,
			);
			buildRules = (
			);
			dependencies = (
				448CC72D18F2342D00FF49A6 /* PBXTargetDependency */,
			);
			name = SocialComic2014Tests;
			productName = SocialComic2014Tests;
			productReference = 448CC72718F2342D00FF49A6 /* SocialComic2014Tests.xctest */;
			productType = "com.apple.product-type.bundle.unit-test";
		};
/* End PBXNativeTarget section */

/* Begin PBXProject section */
		448CC6F818F2342D00FF49A6 /* Project object */ = {
			isa = PBXProject;
			attributes = {
				LastUpgradeCheck = 0510;
				ORGANIZATIONNAME = Craig;
				TargetAttributes = {
					448CC72618F2342D00FF49A6 = {
						TestTargetID = 448CC6FF18F2342D00FF49A6;
					};
				};
			};
			buildConfigurationList = 448CC6FB18F2342D00FF49A6 /* Build configuration list for PBXProject "SocialComic2014" */;
			compatibilityVersion = "Xcode 3.2";
			developmentRegion = English;
			hasScannedForEncodings = 0;
			knownRegions = (
				en,
				Base,
			);
			mainGroup = 448CC6F718F2342D00FF49A6;
			productRefGroup = 448CC70118F2342D00FF49A6 /* Products */;
			projectDirPath = "";
			projectRoot = "";
			targets = (
				448CC6FF18F2342D00FF49A6 /* SocialComic2014 */,
				448CC72618F2342D00FF49A6 /* SocialComic2014Tests */,
			);
		};
/* End PBXProject section */

/* Begin PBXResourcesBuildPhase section */
		448CC6FE18F2342D00FF49A6 /* Resources */ = {
			isa = PBXResourcesBuildPhase;
			buildActionMask = 2147483647;
			files = (
				440CCABC1907A49100C8CEF4 /* arrowleft.png in Resources */,
				440CCAC91907A49100C8CEF4 /* imageViewCell.png in Resources */,
				440CCACB1907A49100C8CEF4 /* menu@2x.png in Resources */,
				44A27CBD18FB90EA0083760D /* hourglass_silhouette.png in Resources */,
				440CCAC21907A49100C8CEF4 /* hold.png in Resources */,
				4412FA061933261400681438 /* open_book.png in Resources */,
				440CCAC31907A49100C8CEF4 /* hold@2x.png in Resources */,
				440CCAD41907A49100C8CEF4 /* swipe.png in Resources */,
				440CCAD21907A49100C8CEF4 /* redcrossbutton.png in Resources */,
				448CC75318F24A7F00FF49A6 /* coverSample.jpg in Resources */,
				446A3191191A00A70019FE64 /* ComicViewingViewController.xib in Resources */,
				440CCACF1907A49100C8CEF4 /* page.png in Resources */,
				44A27CBB18FB89B70083760D /* bannerImage.png in Resources */,
				440CCABF1907A49100C8CEF4 /* arrowright@2x.png in Resources */,
				440CCACD1907A49100C8CEF4 /* noCoverImage@2x.png in Resources */,
				440CCACA1907A49100C8CEF4 /* menu.png in Resources */,
				440CCAC81907A49100C8CEF4 /* imageBackground.png in Resources */,
				440CCAD61907A49100C8CEF4 /* switch.png in Resources */,
				448CC72218F2342D00FF49A6 /* Images.xcassets in Resources */,
				440CCAC01907A49100C8CEF4 /* book.png in Resources */,
				4412FA021933227B00681438 /* download.png in Resources */,
				448CC71718F2342D00FF49A6 /* Main_iPhone.storyboard in Resources */,
				440CCAC41907A49100C8CEF4 /* house.png in Resources */,
				440CCAC61907A49100C8CEF4 /* icon_arrow_left.png in Resources */,
				440CCABE1907A49100C8CEF4 /* arrowright.png in Resources */,
				44484C5D19137D71000FECB1 /* ComicDownloadIndicatorViewController.xib in Resources */,
				440CCAC71907A49100C8CEF4 /* icon_arrow_right.png in Resources */,
				440CCAD51907A49100C8CEF4 /* swipe@2x.png in Resources */,
				440CCAD01907A49100C8CEF4 /* question-mark.png in Resources */,
				440CCAD11907A49100C8CEF4 /* question-mark@2x.png in Resources */,
				440CCABD1907A49100C8CEF4 /* arrowleft2x.png in Resources */,
				440CCAD71907A49100C8CEF4 /* switch@2x.png in Resources */,
				448CC77218F28C2500FF49A6 /* icon_144.png in Resources */,
				448CC78518F666A900FF49A6 /* NoImageAvailable.jpg in Resources */,
				440CCACE1907A49100C8CEF4 /* outline_damian.png in Resources */,
				448CC70E18F2342D00FF49A6 /* InfoPlist.strings in Resources */,
				440CCACC1907A49100C8CEF4 /* noCoverImage.png in Resources */,
				440CCA9C1907823D00C8CEF4 /* ComicStorePreviewAndDownloadViewController.xib in Resources */,
				440CCAC51907A49100C8CEF4 /* house@2x.png in Resources */,
				440CCAC11907A49100C8CEF4 /* book@2x.png in Resources */,
				440CCAD31907A49100C8CEF4 /* redcrossbutton@2x.png in Resources */,
			);
			runOnlyForDeploymentPostprocessing = 0;
		};
		448CC72518F2342D00FF49A6 /* Resources */ = {
			isa = PBXResourcesBuildPhase;
			buildActionMask = 2147483647;
			files = (
				448CC73318F2342D00FF49A6 /* InfoPlist.strings in Resources */,
			);
			runOnlyForDeploymentPostprocessing = 0;
		};
/* End PBXResourcesBuildPhase section */

/* Begin PBXSourcesBuildPhase section */
		448CC6FC18F2342D00FF49A6 /* Sources */ = {
			isa = PBXSourcesBuildPhase;
			buildActionMask = 2147483647;
			files = (
				448CC76E18F2887200FF49A6 /* ZIPCentre.m in Sources */,
				448CC77618F28CA200FF49A6 /* DACircularProgressView.m in Sources */,
				446A31AB191B2E220019FE64 /* Unzipper.m in Sources */,
				44D2539F18F7C2EA00DB883A /* LocalComicSingleton.m in Sources */,
				441BA3F81925DC32001B963D /* ComicViewATPagingViewController.m in Sources */,
				440CCA9B1907823D00C8CEF4 /* ComicStorePreviewAndDownloadViewController.m in Sources */,
				448CC71418F2342D00FF49A6 /* AppDelegate.m in Sources */,
				448CC74018F237D300FF49A6 /* ComicStoreViewController.m in Sources */,
				446A3190191A00A70019FE64 /* ComicViewingViewController.m in Sources */,
				44484C67191382FF000FECB1 /* FPTouchView.m in Sources */,
				44484C66191382FF000FECB1 /* FPPopoverView.m in Sources */,
				448CC78018F6257900FF49A6 /* ZIPDownloader.m in Sources */,
				448CC74618F237F600FF49A6 /* XMLProsessor.m in Sources */,
				448CC76A18F2885A00FF49A6 /* TXTCentre.m in Sources */,
				448CC75A18F24C5B00FF49A6 /* ImageDownloader.m in Sources */,
				448CC74318F237E500FF49A6 /* XMLDownloader.m in Sources */,
				440CCA9F1907A19200C8CEF4 /* ComicReaderTabBarViewController.m in Sources */,
				448CC74918F23BA000FF49A6 /* SMXMLDocument.m in Sources */,
				44484C65191382FF000FECB1 /* FPPopoverController.m in Sources */,
				44D253A218F7D56A00DB883A /* DownloadManagerTableViewController.m in Sources */,
				44134B6919330BA600681176 /* Reachability.m in Sources */,
				440CCA961907818700C8CEF4 /* PartialTransparentView.m in Sources */,
				448CC71018F2342D00FF49A6 /* main.m in Sources */,
				448CC77A18F2927A00FF49A6 /* Toast+UIView.m in Sources */,
				448CC75118F248DE00FF49A6 /* ImageCentre.m in Sources */,
				448CC74D18F23C0E00FF49A6 /* Comic.m in Sources */,
				448CC77D18F61AF900FF49A6 /* TXTDownloader.m in Sources */,
				44484C5C19137D71000FECB1 /* ComicDownloadIndicatorViewController.m in Sources */,
				441BA3EF1925DB00001B963D /* ATPagingView.m in Sources */,
				448CC78318F6657100FF49A6 /* BookCollectionViewController.m in Sources */,
			);
			runOnlyForDeploymentPostprocessing = 0;
		};
		448CC72318F2342D00FF49A6 /* Sources */ = {
			isa = PBXSourcesBuildPhase;
			buildActionMask = 2147483647;
			files = (
				448CC73518F2342D00FF49A6 /* SocialComic2014Tests.m in Sources */,
			);
			runOnlyForDeploymentPostprocessing = 0;
		};
/* End PBXSourcesBuildPhase section */

/* Begin PBXTargetDependency section */
		448CC72D18F2342D00FF49A6 /* PBXTargetDependency */ = {
			isa = PBXTargetDependency;
			target = 448CC6FF18F2342D00FF49A6 /* SocialComic2014 */;
			targetProxy = 448CC72C18F2342D00FF49A6 /* PBXContainerItemProxy */;
		};
/* End PBXTargetDependency section */

/* Begin PBXVariantGroup section */
		448CC70C18F2342D00FF49A6 /* InfoPlist.strings */ = {
			isa = PBXVariantGroup;
			children = (
				448CC70D18F2342D00FF49A6 /* en */,
			);
			name = InfoPlist.strings;
			sourceTree = "<group>";
		};
		448CC71518F2342D00FF49A6 /* Main_iPhone.storyboard */ = {
			isa = PBXVariantGroup;
			children = (
				448CC71618F2342D00FF49A6 /* Base */,
			);
			name = Main_iPhone.storyboard;
			sourceTree = "<group>";
		};
		448CC73118F2342D00FF49A6 /* InfoPlist.strings */ = {
			isa = PBXVariantGroup;
			children = (
				448CC73218F2342D00FF49A6 /* en */,
			);
			name = InfoPlist.strings;
			sourceTree = "<group>";
		};
/* End PBXVariantGroup section */

/* Begin XCBuildConfiguration section */
		448CC73618F2342D00FF49A6 /* Debug */ = {
			isa = XCBuildConfiguration;
			buildSettings = {
				ALWAYS_SEARCH_USER_PATHS = NO;
				CLANG_CXX_LANGUAGE_STANDARD = "gnu++0x";
				CLANG_CXX_LIBRARY = "libc++";
				CLANG_ENABLE_MODULES = YES;
				CLANG_ENABLE_OBJC_ARC = YES;
				CLANG_WARN_BOOL_CONVERSION = YES;
				CLANG_WARN_CONSTANT_CONVERSION = YES;
				CLANG_WARN_DIRECT_OBJC_ISA_USAGE = YES_ERROR;
				CLANG_WARN_EMPTY_BODY = YES;
				CLANG_WARN_ENUM_CONVERSION = YES;
				CLANG_WARN_INT_CONVERSION = YES;
				CLANG_WARN_OBJC_ROOT_CLASS = YES_ERROR;
				CLANG_WARN__DUPLICATE_METHOD_MATCH = YES;
				"CODE_SIGN_IDENTITY[sdk=iphoneos*]" = "iPhone Developer";
				COPY_PHASE_STRIP = NO;
				GCC_C_LANGUAGE_STANDARD = gnu99;
				GCC_DYNAMIC_NO_PIC = NO;
				GCC_OPTIMIZATION_LEVEL = 0;
				GCC_PREPROCESSOR_DEFINITIONS = (
					"DEBUG=1",
					"$(inherited)",
				);
				GCC_SYMBOLS_PRIVATE_EXTERN = NO;
				GCC_WARN_64_TO_32_BIT_CONVERSION = YES;
				GCC_WARN_ABOUT_RETURN_TYPE = YES_ERROR;
				GCC_WARN_UNDECLARED_SELECTOR = YES;
				GCC_WARN_UNINITIALIZED_AUTOS = YES_AGGRESSIVE;
				GCC_WARN_UNUSED_FUNCTION = YES;
				GCC_WARN_UNUSED_VARIABLE = YES;
				IPHONEOS_DEPLOYMENT_TARGET = 7.1;
				ONLY_ACTIVE_ARCH = YES;
				SDKROOT = iphoneos;
				TARGETED_DEVICE_FAMILY = "1,2";
			};
			name = Debug;
		};
		448CC73718F2342D00FF49A6 /* Release */ = {
			isa = XCBuildConfiguration;
			buildSettings = {
				ALWAYS_SEARCH_USER_PATHS = NO;
				CLANG_CXX_LANGUAGE_STANDARD = "gnu++0x";
				CLANG_CXX_LIBRARY = "libc++";
				CLANG_ENABLE_MODULES = YES;
				CLANG_ENABLE_OBJC_ARC = YES;
				CLANG_WARN_BOOL_CONVERSION = YES;
				CLANG_WARN_CONSTANT_CONVERSION = YES;
				CLANG_WARN_DIRECT_OBJC_ISA_USAGE = YES_ERROR;
				CLANG_WARN_EMPTY_BODY = YES;
				CLANG_WARN_ENUM_CONVERSION = YES;
				CLANG_WARN_INT_CONVERSION = YES;
				CLANG_WARN_OBJC_ROOT_CLASS = YES_ERROR;
				CLANG_WARN__DUPLICATE_METHOD_MATCH = YES;
				"CODE_SIGN_IDENTITY[sdk=iphoneos*]" = "iPhone Developer";
				COPY_PHASE_STRIP = YES;
				ENABLE_NS_ASSERTIONS = NO;
				GCC_C_LANGUAGE_STANDARD = gnu99;
				GCC_WARN_64_TO_32_BIT_CONVERSION = YES;
				GCC_WARN_ABOUT_RETURN_TYPE = YES_ERROR;
				GCC_WARN_UNDECLARED_SELECTOR = YES;
				GCC_WARN_UNINITIALIZED_AUTOS = YES_AGGRESSIVE;
				GCC_WARN_UNUSED_FUNCTION = YES;
				GCC_WARN_UNUSED_VARIABLE = YES;
				IPHONEOS_DEPLOYMENT_TARGET = 7.1;
				SDKROOT = iphoneos;
				TARGETED_DEVICE_FAMILY = "1,2";
				VALIDATE_PRODUCT = YES;
			};
			name = Release;
		};
		448CC73918F2342D00FF49A6 /* Debug */ = {
			isa = XCBuildConfiguration;
			buildSettings = {
				ASSETCATALOG_COMPILER_LAUNCHIMAGE_NAME = LaunchImage;
				CODE_SIGN_IDENTITY = "iPhone Developer";
				"CODE_SIGN_IDENTITY[sdk=iphoneos*]" = "iPhone Developer: Haozheng Zheng (9T9WK237ZQ)";
				GCC_PRECOMPILE_PREFIX_HEADER = YES;
				GCC_PREFIX_HEADER = "SocialComic2014/SocialComic2014-Prefix.pch";
				INFOPLIST_FILE = "SocialComic2014/SocialComic2014-Info.plist";
				IPHONEOS_DEPLOYMENT_TARGET = 6.0;
				LIBRARY_SEARCH_PATHS = (
					"$(inherited)",
					"$(PROJECT_DIR)/SocialComic2014",
				);
				PRODUCT_NAME = "$(TARGET_NAME)";
				PROVISIONING_PROFILE = "";
				WRAPPER_EXTENSION = app;
			};
			name = Debug;
		};
		448CC73A18F2342D00FF49A6 /* Release */ = {
			isa = XCBuildConfiguration;
			buildSettings = {
				ASSETCATALOG_COMPILER_LAUNCHIMAGE_NAME = LaunchImage;
				CODE_SIGN_IDENTITY = "iPhone Developer";
				"CODE_SIGN_IDENTITY[sdk=iphoneos*]" = "iPhone Developer";
				GCC_PRECOMPILE_PREFIX_HEADER = YES;
				GCC_PREFIX_HEADER = "SocialComic2014/SocialComic2014-Prefix.pch";
				INFOPLIST_FILE = "SocialComic2014/SocialComic2014-Info.plist";
				IPHONEOS_DEPLOYMENT_TARGET = 6.0;
				LIBRARY_SEARCH_PATHS = (
					"$(inherited)",
					"$(PROJECT_DIR)/SocialComic2014",
				);
				PRODUCT_NAME = "$(TARGET_NAME)";
				PROVISIONING_PROFILE = "";
				WRAPPER_EXTENSION = app;
			};
			name = Release;
		};
		448CC73C18F2342D00FF49A6 /* Debug */ = {
			isa = XCBuildConfiguration;
			buildSettings = {
				BUNDLE_LOADER = "$(BUILT_PRODUCTS_DIR)/SocialComic2014.app/SocialComic2014";
				FRAMEWORK_SEARCH_PATHS = (
					"$(SDKROOT)/Developer/Library/Frameworks",
					"$(inherited)",
					"$(DEVELOPER_FRAMEWORKS_DIR)",
				);
				GCC_PRECOMPILE_PREFIX_HEADER = YES;
				GCC_PREFIX_HEADER = "SocialComic2014/SocialComic2014-Prefix.pch";
				GCC_PREPROCESSOR_DEFINITIONS = (
					"DEBUG=1",
					"$(inherited)",
				);
				INFOPLIST_FILE = "SocialComic2014Tests/SocialComic2014Tests-Info.plist";
				PRODUCT_NAME = "$(TARGET_NAME)";
				TEST_HOST = "$(BUNDLE_LOADER)";
				WRAPPER_EXTENSION = xctest;
			};
			name = Debug;
		};
		448CC73D18F2342D00FF49A6 /* Release */ = {
			isa = XCBuildConfiguration;
			buildSettings = {
				BUNDLE_LOADER = "$(BUILT_PRODUCTS_DIR)/SocialComic2014.app/SocialComic2014";
				FRAMEWORK_SEARCH_PATHS = (
					"$(SDKROOT)/Developer/Library/Frameworks",
					"$(inherited)",
					"$(DEVELOPER_FRAMEWORKS_DIR)",
				);
				GCC_PRECOMPILE_PREFIX_HEADER = YES;
				GCC_PREFIX_HEADER = "SocialComic2014/SocialComic2014-Prefix.pch";
				INFOPLIST_FILE = "SocialComic2014Tests/SocialComic2014Tests-Info.plist";
				PRODUCT_NAME = "$(TARGET_NAME)";
				TEST_HOST = "$(BUNDLE_LOADER)";
				WRAPPER_EXTENSION = xctest;
			};
			name = Release;
		};
/* End XCBuildConfiguration section */

/* Begin XCConfigurationList section */
		448CC6FB18F2342D00FF49A6 /* Build configuration list for PBXProject "SocialComic2014" */ = {
			isa = XCConfigurationList;
			buildConfigurations = (
				448CC73618F2342D00FF49A6 /* Debug */,
				448CC73718F2342D00FF49A6 /* Release */,
			);
			defaultConfigurationIsVisible = 0;
			defaultConfigurationName = Release;
		};
		448CC73818F2342D00FF49A6 /* Build configuration list for PBXNativeTarget "SocialComic2014" */ = {
			isa = XCConfigurationList;
			buildConfigurations = (
				448CC73918F2342D00FF49A6 /* Debug */,
				448CC73A18F2342D00FF49A6 /* Release */,
			);
			defaultConfigurationIsVisible = 0;
			defaultConfigurationName = Release;
		};
		448CC73B18F2342D00FF49A6 /* Build configuration list for PBXNativeTarget "SocialComic2014Tests" */ = {
			isa = XCConfigurationList;
			buildConfigurations = (
				448CC73C18F2342D00FF49A6 /* Debug */,
				448CC73D18F2342D00FF49A6 /* Release */,
			);
			defaultConfigurationIsVisible = 0;
			defaultConfigurationName = Release;
		};
/* End XCConfigurationList section */
	};
	rootObject = 448CC6F818F2342D00FF49A6 /* Project object */;
}
